
Microsoft Visual Studio Solution File, Format Version 12.00
# Visual Studio Version 16
VisualStudioVersion = 16.0.30523.141
MinimumVisualStudioVersion = 10.0.40219.1
Project("{FAE04EC0-301F-11D3-BF4B-00C04F79EFBC}") = "GoldStarr-YSYS-OP1-Grupp1", "GoldStarr-YSYS-OP1-Grupp1\GoldStarr-YSYS-OP1-Grupp1.csproj", "{81EDE099-6A6D-48F1-9D5D-9F287D4B858F}"
EndProject
Global
	GlobalSection(SolutionConfigurationPlatforms) = preSolution
		Debug|ARM = Debug|ARM
		Debug|ARM64 = Debug|ARM64
		Debug|x64 = Debug|x64
		Debug|x86 = Debug|x86
		Release|ARM = Release|ARM
		Release|ARM64 = Release|ARM64
		Release|x64 = Release|x64
		Release|x86 = Release|x86
	EndGlobalSection
	GlobalSection(ProjectConfigurationPlatforms) = postSolution
		{81EDE099-6A6D-48F1-9D5D-9F287D4B858F}.Debug|ARM.ActiveCfg = Debug|ARM
		{81EDE099-6A6D-48F1-9D5D-9F287D4B858F}.Debug|ARM.Build.0 = Debug|ARM
		{81EDE099-6A6D-48F1-9D5D-9F287D4B858F}.Debug|ARM.Deploy.0 = Debug|ARM
		{81EDE099-6A6D-48F1-9D5D-9F287D4B858F}.Debug|ARM64.ActiveCfg = Debug|ARM64
		{81EDE099-6A6D-48F1-9D5D-9F287D4B858F}.Debug|ARM64.Build.0 = Debug|ARM64
		{81EDE099-6A6D-48F1-9D5D-9F287D4B858F}.Debug|ARM64.Deploy.0 = Debug|ARM64
		{81EDE099-6A6D-48F1-9D5D-9F287D4B858F}.Debug|x64.ActiveCfg = Debug|x64
		{81EDE099-6A6D-48F1-9D5D-9F287D4B858F}.Debug|x64.Build.0 = Debug|x64
		{81EDE099-6A6D-48F1-9D5D-9F287D4B858F}.Debug|x64.Deploy.0 = Debug|x64
		{81EDE099-6A6D-48F1-9D5D-9F287D4B858F}.Debug|x86.ActiveCfg = Debug|x86
		{81EDE099-6A6D-48F1-9D5D-9F287D4B858F}.Debug|x86.Build.0 = Debug|x86
		{81EDE099-6A6D-48F1-9D5D-9F287D4B858F}.Debug|x86.Deploy.0 = Debug|x86
		{81EDE099-6A6D-48F1-9D5D-9F287D4B858F}.Release|ARM.ActiveCfg = Release|ARM
		{81EDE099-6A6D-48F1-9D5D-9F287D4B858F}.Release|ARM.Build.0 = Release|ARM
		{81EDE099-6A6D-48F1-9D5D-9F287D4B858F}.Release|ARM.Deploy.0 = Release|ARM
		{81EDE099-6A6D-48F1-9D5D-9F287D4B858F}.Release|ARM64.ActiveCfg = Release|ARM64
		{81EDE099-6A6D-48F1-9D5D-9F287D4B858F}.Release|ARM64.Build.0 = Release|ARM64
		{81EDE099-6A6D-48F1-9D5D-9F287D4B858F}.Release|ARM64.Deploy.0 = Release|ARM64
		{81EDE099-6A6D-48F1-9D5D-9F287D4B858F}.Release|x64.ActiveCfg = Release|x64
		{81EDE099-6A6D-48F1-9D5D-9F287D4B858F}.Release|x64.Build.0 = Release|x64
		{81EDE099-6A6D-48F1-9D5D-9F287D4B858F}.Release|x64.Deploy.0 = Release|x64
		{81EDE099-6A6D-48F1-9D5D-9F287D4B858F}.Release|x86.ActiveCfg = Release|x86
		{81EDE099-6A6D-48F1-9D5D-9F287D4B858F}.Release|x86.Build.0 = Release|x86
		{81EDE099-6A6D-48F1-9D5D-9F287D4B858F}.Release|x86.Deploy.0 = Release|x86
	EndGlobalSection
	GlobalSection(SolutionProperties) = preSolution
		HideSolutionNode = FALSE
	EndGlobalSection
	GlobalSection(ExtensibilityGlobals) = postSolution
		SolutionGuid = {F5DFD456-6F07-4371-800B-29E04B1CA778}
	EndGlobalSection
EndGlobal
